
Microsoft Visual Studio Solution File, Format Version 12.00
# Visual Studio 2013
VisualStudioVersion = 12.0.40629.0
MinimumVisualStudioVersion = 10.0.40219.1
Project("{F184B08F-C81C-45F6-A57F-5ABD9991F28F}") = "Georges Visual PRO", "Georges Visual PRO\Georges Visual PRO.vbproj", "{49167268-DF01-4DF7-9D2B-8715FBCC965B}"
EndProject
Global
	GlobalSection(SolutionConfigurationPlatforms) = preSolution
		Debug|Any CPU = Debug|Any CPU
		Release|Any CPU = Release|Any CPU
	EndGlobalSection
	GlobalSection(ProjectConfigurationPlatforms) = postSolution
		{49167268-DF01-4DF7-9D2B-8715FBCC965B}.Debug|Any CPU.ActiveCfg = Debug|Any CPU
		{49167268-DF01-4DF7-9D2B-8715FBCC965B}.Debug|Any CPU.Build.0 = Debug|Any CPU
		{49167268-DF01-4DF7-9D2B-8715FBCC965B}.Release|Any CPU.ActiveCfg = Release|Any CPU
		{49167268-DF01-4DF7-9D2B-8715FBCC965B}.Release|Any CPU.Build.0 = Release|Any CPU
	EndGlobalSection
	GlobalSection(SolutionProperties) = preSolution
		HideSolutionNode = FALSE
	EndGlobalSection
EndGlobal
